
Microsoft Visual Studio Solution File, Format Version 12.00
# Visual Studio 15
VisualStudioVersion = 15.0.27428.2043
MinimumVisualStudioVersion = 10.0.40219.1
Project("{FAE04EC0-301F-11D3-BF4B-00C04F79EFBC}") = "WCFSample", "WCFSample\WCFSample.csproj", "{255DAB92-F9C4-40F6-A603-E289F883E728}"
EndProject
Project("{FAE04EC0-301F-11D3-BF4B-00C04F79EFBC}") = "WCFConsoleRun", "WCFConsoleRun\WCFConsoleRun.csproj", "{9890D252-7992-4062-92D1-45000BFA2BBA}"
EndProject
Project("{FAE04EC0-301F-11D3-BF4B-00C04F79EFBC}") = "WCF_IISHostable", "WCF_IISHostable\WCF_IISHostable.csproj", "{A9BCA6EA-9BC8-4C48-9DD9-1CA6639127CD}"
EndProject
Global
	GlobalSection(SolutionConfigurationPlatforms) = preSolution
		Debug|Any CPU = Debug|Any CPU
		Release|Any CPU = Release|Any CPU
	EndGlobalSection
	GlobalSection(ProjectConfigurationPlatforms) = postSolution
		{255DAB92-F9C4-40F6-A603-E289F883E728}.Debug|Any CPU.ActiveCfg = Debug|Any CPU
		{255DAB92-F9C4-40F6-A603-E289F883E728}.Debug|Any CPU.Build.0 = Debug|Any CPU
		{255DAB92-F9C4-40F6-A603-E289F883E728}.Release|Any CPU.ActiveCfg = Release|Any CPU
		{255DAB92-F9C4-40F6-A603-E289F883E728}.Release|Any CPU.Build.0 = Release|Any CPU
		{9890D252-7992-4062-92D1-45000BFA2BBA}.Debug|Any CPU.ActiveCfg = Debug|Any CPU
		{9890D252-7992-4062-92D1-45000BFA2BBA}.Debug|Any CPU.Build.0 = Debug|Any CPU
		{9890D252-7992-4062-92D1-45000BFA2BBA}.Release|Any CPU.ActiveCfg = Release|Any CPU
		{9890D252-7992-4062-92D1-45000BFA2BBA}.Release|Any CPU.Build.0 = Release|Any CPU
		{A9BCA6EA-9BC8-4C48-9DD9-1CA6639127CD}.Debug|Any CPU.ActiveCfg = Debug|Any CPU
		{A9BCA6EA-9BC8-4C48-9DD9-1CA6639127CD}.Debug|Any CPU.Build.0 = Debug|Any CPU
		{A9BCA6EA-9BC8-4C48-9DD9-1CA6639127CD}.Release|Any CPU.ActiveCfg = Release|Any CPU
		{A9BCA6EA-9BC8-4C48-9DD9-1CA6639127CD}.Release|Any CPU.Build.0 = Release|Any CPU
	EndGlobalSection
	GlobalSection(SolutionProperties) = preSolution
		HideSolutionNode = FALSE
	EndGlobalSection
	GlobalSection(ExtensibilityGlobals) = postSolution
		SolutionGuid = {D748ACA2-B7FC-44E8-A17F-30D28854FA7C}
	EndGlobalSection
EndGlobal
